<?xml version="1.0" encoding="utf-8"?>
<Project ToolsVersion="4.0" xmlns="http://schemas.microsoft.com/developer/msbuild/2003">
  <ItemGroup>
    <Filter Include="Archivos de recursos">
      <UniqueIdentifier>{67DA6AB6-F800-4c08-8B7A-83BB121AAD01}</UniqueIdentifier>
      <Extensions>rc;ico;cur;bmp;dlg;rc2;rct;bin;rgs;gif;jpg;jpeg;jpe;resx;tiff;tif;png;wav;mfcribbon-ms</Extensions>
    </Filter>
    <Filter Include="Base de datos">
      <UniqueIdentifier>{baed088e-06fc-4d4c-9f1c-dbf645a7fd1c}</UniqueIdentifier>
    </Filter>
    <Filter Include="Base de datos\Tipos">
      <UniqueIdentifier>{4c5f11bd-4580-436b-b452-8a4d30892da5}</UniqueIdentifier>
    </Filter>
    <Filter Include="xXx _MAIN_ xXx">
      <UniqueIdentifier>{33c10cc3-7f24-444b-9777-dac5a9b6874d}</UniqueIdentifier>
    </Filter>
    <Filter Include="xXx _MAIN_ xXx\ErrorCritico">
      <UniqueIdentifier>{642c9ab7-cb7e-4500-888b-8b66e18d4f7a}</UniqueIdentifier>
    </Filter>
    <Filter Include="Base de datos\SQLite">
      <UniqueIdentifier>{88d529a1-d778-4ae9-89ec-7a51bb694343}</UniqueIdentifier>
    </Filter>
    <Filter Include="Base de datos\Threads">
      <UniqueIdentifier>{6853da57-9ca7-46e6-b3b2-b81af18b5c54}</UniqueIdentifier>
    </Filter>
    <Filter Include="Base de datos\Threads\ActualizarArbol">
      <UniqueIdentifier>{65f25277-892e-4291-a618-7c65ad1fa449}</UniqueIdentifier>
    </Filter>
    <Filter Include="Base de datos\Threads\AgregarArchivosLista">
      <UniqueIdentifier>{0dbc0e65-768e-4a1f-a201-096e4c7bafd8}</UniqueIdentifier>
    </Filter>
    <Filter Include="Base de datos\Threads\Analisis">
      <UniqueIdentifier>{f7230b6c-c4c1-4eae-8802-fb48e7e5de1e}</UniqueIdentifier>
    </Filter>
    <Filter Include="xXx _MAIN_ xXx\Memoria compartida">
      <UniqueIdentifier>{4f7591fc-0edf-4df2-8bc0-f189ff6b24cc}</UniqueIdentifier>
    </Filter>
    <Filter Include="AsociarReproductor %28DEPRECATED%29">
      <UniqueIdentifier>{8ad9c686-8c63-4d14-b7ab-03419bb29e17}</UniqueIdentifier>
    </Filter>
    <Filter Include="MediaPlayer">
      <UniqueIdentifier>{df76ac1e-dce3-47ab-a6a1-d908ad48bbc0}</UniqueIdentifier>
    </Filter>
    <Filter Include="MediaPlayer\VLC">
      <UniqueIdentifier>{9b9da493-5164-46a8-b89a-2dc9d5e0c4ea}</UniqueIdentifier>
    </Filter>
    <Filter Include="MediaPlayer\FMOD">
      <UniqueIdentifier>{4e96608e-0c6a-48e5-84e0-31d7ee943be4}</UniqueIdentifier>
    </Filter>
    <Filter Include="Ventanas y Controles">
      <UniqueIdentifier>{4d555157-3a23-462e-9ce5-e473bd34c533}</UniqueIdentifier>
    </Filter>
    <Filter Include="Ventanas y Controles\Controles">
      <UniqueIdentifier>{86140bae-a88e-41a0-b85e-580d6aa0159f}</UniqueIdentifier>
    </Filter>
    <Filter Include="Ventanas y Controles\Ventanas">
      <UniqueIdentifier>{45cc9b22-ca73-44eb-903b-e466183b06d4}</UniqueIdentifier>
    </Filter>
    <Filter Include="xXx _MAIN_ xXx\Actualizaciones">
      <UniqueIdentifier>{0d931b0e-4ca4-4d58-96a6-12c77db82615}</UniqueIdentifier>
    </Filter>
    <Filter Include="Ventanas y Controles\Ventanas\Opciones">
      <UniqueIdentifier>{ac49779c-c796-4260-a27e-aa79262fe5f8}</UniqueIdentifier>
    </Filter>
  </ItemGroup>
  <ItemGroup>
    <ClInclude Include="Resource.h">
      <Filter>xXx _MAIN_ xXx</Filter>
    </ClInclude>
    <ClInclude Include="stdafx.h">
      <Filter>xXx _MAIN_ xXx</Filter>
    </ClInclude>
    <ClInclude Include="targetver.h">
      <Filter>xXx _MAIN_ xXx</Filter>
    </ClInclude>
    <ClInclude Include="sqlite3.h">
      <Filter>Base de datos\SQLite</Filter>
    </ClInclude>
    <ClInclude Include="ExtensionesValidas.h">
      <Filter>Base de datos\Tipos</Filter>
    </ClInclude>
    <ClInclude Include="RAVE.h">
      <Filter>xXx _MAIN_ xXx</Filter>
    </ClInclude>
    <ClInclude Include="VerVideo.h">
      <Filter>Ventanas y Controles\Controles</Filter>
    </ClInclude>
    <ClInclude Include="MarcoControles.h">
      <Filter>Ventanas y Controles\Controles</Filter>
    </ClInclude>
    <ClInclude Include="ControlesPantallaCompleta.h">
      <Filter>Ventanas y Controles\Controles</Filter>
    </ClInclude>
    <ClInclude Include="BarraTiempo.h">
      <Filter>Ventanas y Controles\Controles</Filter>
    </ClInclude>
    <ClInclude Include="BarraVolumen.h">
      <Filter>Ventanas y Controles\Controles</Filter>
    </ClInclude>
    <ClInclude Include="RAVE_Configuracion.h">
      <Filter>xXx _MAIN_ xXx</Filter>
    </ClInclude>
    <ClInclude Include="EnviarDump.h">
      <Filter>xXx _MAIN_ xXx\ErrorCritico</Filter>
    </ClInclude>
    <ClInclude Include="RAVE_CuentaEmail.h">
      <Filter>xXx _MAIN_ xXx\ErrorCritico</Filter>
    </ClInclude>
    <ClInclude Include="ArbolBD.h">
      <Filter>Ventanas y Controles\Controles</Filter>
    </ClInclude>
    <ClInclude Include="ListaMedios.h">
      <Filter>Ventanas y Controles\Controles</Filter>
    </ClInclude>
    <ClInclude Include="RAVE_Iconos.h">
      <Filter>xXx _MAIN_ xXx</Filter>
    </ClInclude>
    <ClInclude Include="ListaRaices.h">
      <Filter>Ventanas y Controles\Controles</Filter>
    </ClInclude>
    <ClInclude Include="AsociarReproductor.h">
      <Filter>AsociarReproductor %28DEPRECATED%29</Filter>
    </ClInclude>
    <ClInclude Include="vlc.hpp">
      <Filter>MediaPlayer\VLC</Filter>
    </ClInclude>
    <ClInclude Include="RaveBD.h">
      <Filter>Base de datos</Filter>
    </ClInclude>
    <ClInclude Include="ThreadActualizarArbol.h">
      <Filter>Base de datos\Threads\ActualizarArbol</Filter>
    </ClInclude>
    <ClInclude Include="ThreadAgregarArchivosLista.h">
      <Filter>Base de datos\Threads\AgregarArchivosLista</Filter>
    </ClInclude>
    <ClInclude Include="RAVE_TODO.h">
      <Filter>xXx _MAIN_ xXx</Filter>
    </ClInclude>
    <ClInclude Include="EtiquetaBD.h">
      <Filter>Base de datos</Filter>
    </ClInclude>
    <ClInclude Include="ThreadAnalisis.h">
      <Filter>Base de datos\Threads\Analisis</Filter>
    </ClInclude>
    <ClInclude Include="MemoriaCompartida.h">
      <Filter>xXx _MAIN_ xXx\Memoria compartida</Filter>
    </ClInclude>
    <ClInclude Include="AsignarTeclaRapida.h">
      <Filter>Ventanas y Controles\Controles</Filter>
    </ClInclude>
    <ClInclude Include="ControlSeparador.h">
      <Filter>Ventanas y Controles\Controles</Filter>
    </ClInclude>
    <ClInclude Include="ControlVisualizacion.h">
      <Filter>Ventanas y Controles\Controles</Filter>
    </ClInclude>
    <ClInclude Include="RAVE_SkinVisualStudio.h">
      <Filter>xXx _MAIN_ xXx</Filter>
    </ClInclude>
    <ClInclude Include="RAVE_Skin.h">
      <Filter>xXx _MAIN_ xXx</Filter>
    </ClInclude>
    <ClInclude Include="RaveVLC_Medio.h">
      <Filter>MediaPlayer\VLC</Filter>
    </ClInclude>
    <ClInclude Include="RaveFMOD_Medio.h">
      <Filter>MediaPlayer\FMOD</Filter>
    </ClInclude>
    <ClInclude Include="Rave_Medio.h">
      <Filter>MediaPlayer</Filter>
    </ClInclude>
    <ClInclude Include="Rave_MediaPlayer.h">
      <Filter>MediaPlayer</Filter>
    </ClInclude>
    <ClInclude Include="RaveVLC %28DEPRECATED%29.h">
      <Filter>MediaPlayer\VLC</Filter>
    </ClInclude>
    <ClInclude Include="VentanaPrincipal.h">
      <Filter>Ventanas y Controles\Ventanas</Filter>
    </ClInclude>
    <ClInclude Include="ToolTipInfo.h">
      <Filter>Ventanas y Controles\Ventanas</Filter>
    </ClInclude>
    <ClInclude Include="VentanaAsociarReproductor %28DEPRECATED%29.h">
      <Filter>Ventanas y Controles\Ventanas</Filter>
    </ClInclude>
    <ClInclude Include="VentanaErrorCritico.h">
      <Filter>Ventanas y Controles\Ventanas</Filter>
    </ClInclude>
    <ClInclude Include="VentanaMomento.h">
      <Filter>Ventanas y Controles\Ventanas</Filter>
    </ClInclude>
    <ClInclude Include="VentanaPrecarga.h">
      <Filter>Ventanas y Controles\Ventanas</Filter>
    </ClInclude>
    <ClInclude Include="BDRaiz.h">
      <Filter>Base de datos</Filter>
    </ClInclude>
    <ClInclude Include="BDMedio.h">
      <Filter>Base de datos</Filter>
    </ClInclude>
    <ClInclude Include="Actualizaciones.h">
      <Filter>xXx _MAIN_ xXx\Actualizaciones</Filter>
    </ClInclude>
    <ClInclude Include="RAVE_Mensajes.h">
      <Filter>xXx _MAIN_ xXx</Filter>
    </ClInclude>
    <ClInclude Include="RaveOpciones.h">
      <Filter>Base de datos</Filter>
    </ClInclude>
    <ClInclude Include="RaveSQLite.h">
      <Filter>Base de datos</Filter>
    </ClInclude>
    <ClInclude Include="VentanaDescargarActualizacion.h">
      <Filter>Ventanas y Controles\Ventanas</Filter>
    </ClInclude>
    <ClInclude Include="VentanaInstalarActualizacion.h">
      <Filter>Ventanas y Controles\Ventanas</Filter>
    </ClInclude>
    <ClInclude Include="VentanaObtenerURL.h">
      <Filter>Ventanas y Controles\Ventanas</Filter>
    </ClInclude>
    <ClInclude Include="ItemMedio.h">
      <Filter>Ventanas y Controles\Controles</Filter>
    </ClInclude>
    <ClInclude Include="VentanaOpcionesRAVE2.h">
      <Filter>Ventanas y Controles\Ventanas\Opciones</Filter>
    </ClInclude>
    <ClInclude Include="Marco_BaseDatos.h">
      <Filter>Ventanas y Controles\Ventanas\Opciones</Filter>
    </ClInclude>
    <ClInclude Include="Marco_Teclado.h">
      <Filter>Ventanas y Controles\Ventanas\Opciones</Filter>
    </ClInclude>
    <ClInclude Include="Marco_Listas.h">
      <Filter>Ventanas y Controles\Ventanas\Opciones</Filter>
    </ClInclude>
    <ClInclude Include="Marco_Video.h">
      <Filter>Ventanas y Controles\Ventanas\Opciones</Filter>
    </ClInclude>
    <ClInclude Include="Marco_UI.h">
      <Filter>Ventanas y Controles\Ventanas\Opciones</Filter>
    </ClInclude>
    <ClInclude Include="Marco_Inicio.h">
      <Filter>Ventanas y Controles\Ventanas\Opciones</Filter>
    </ClInclude>
    <ClInclude Include="VentanaOpcionesRAVE %28DEPRECATED%29.h">
      <Filter>Ventanas y Controles\Ventanas</Filter>
    </ClInclude>
    <ClInclude Include="Marco_Audio.h">
      <Filter>Ventanas y Controles\Ventanas\Opciones</Filter>
    </ClInclude>
  </ItemGroup>
  <ItemGroup>
    <ClCompile Include="Reproductor de Audio y Video Extendido.cpp">
      <Filter>xXx _MAIN_ xXx</Filter>
    </ClCompile>
    <ClCompile Include="stdafx.cpp">
      <Filter>xXx _MAIN_ xXx</Filter>
    </ClCompile>
    <ClCompile Include="sqlite3.c">
      <Filter>Base de datos\SQLite</Filter>
    </ClCompile>
    <ClCompile Include="ExtensionesValidas.cpp">
      <Filter>Base de datos\Tipos</Filter>
    </ClCompile>
    <ClCompile Include="RAVE.cpp">
      <Filter>xXx _MAIN_ xXx</Filter>
    </ClCompile>
    <ClCompile Include="VerVideo.cpp">
      <Filter>Ventanas y Controles\Controles</Filter>
    </ClCompile>
    <ClCompile Include="MarcoControles.cpp">
      <Filter>Ventanas y Controles\Controles</Filter>
    </ClCompile>
    <ClCompile Include="ControlesPantallaCompleta.cpp">
      <Filter>Ventanas y Controles\Controles</Filter>
    </ClCompile>
    <ClCompile Include="BarraTiempo.cpp">
      <Filter>Ventanas y Controles\Controles</Filter>
    </ClCompile>
    <ClCompile Include="BarraVolumen.cpp">
      <Filter>Ventanas y Controles\Controles</Filter>
    </ClCompile>
    <ClCompile Include="EnviarDump.cpp">
      <Filter>xXx _MAIN_ xXx\ErrorCritico</Filter>
    </ClCompile>
    <ClCompile Include="ArbolBD.cpp">
      <Filter>Ventanas y Controles\Controles</Filter>
    </ClCompile>
    <ClCompile Include="ListaMedios.cpp">
      <Filter>Ventanas y Controles\Controles</Filter>
    </ClCompile>
    <ClCompile Include="ListaRaices.cpp">
      <Filter>Ventanas y Controles\Controles</Filter>
    </ClCompile>
    <ClCompile Include="AsociarReproductor.cpp">
      <Filter>AsociarReproductor %28DEPRECATED%29</Filter>
    </ClCompile>
    <ClCompile Include="RaveBD.cpp">
      <Filter>Base de datos</Filter>
    </ClCompile>
    <ClCompile Include="ThreadActualizarArbol.cpp">
      <Filter>Base de datos\Threads\ActualizarArbol</Filter>
    </ClCompile>
    <ClCompile Include="ThreadAgregarArchivosLista.cpp">
      <Filter>Base de datos\Threads\AgregarArchivosLista</Filter>
    </ClCompile>
    <ClCompile Include="ThreadAnalisis.cpp">
      <Filter>Base de datos\Threads\Analisis</Filter>
    </ClCompile>
    <ClCompile Include="MemoriaCompartida.cpp">
      <Filter>xXx _MAIN_ xXx\Memoria compartida</Filter>
    </ClCompile>
    <ClCompile Include="AsignarTeclaRapida.cpp">
      <Filter>Ventanas y Controles\Controles</Filter>
    </ClCompile>
    <ClCompile Include="ControlSeparador.cpp">
      <Filter>Ventanas y Controles\Controles</Filter>
    </ClCompile>
    <ClCompile Include="ControlVisualizacion.cpp">
      <Filter>Ventanas y Controles\Controles</Filter>
    </ClCompile>
    <ClCompile Include="RaveVLC_Medio.cpp">
      <Filter>MediaPlayer\VLC</Filter>
    </ClCompile>
    <ClCompile Include="RaveFMOD_Medio.cpp">
      <Filter>MediaPlayer\FMOD</Filter>
    </ClCompile>
    <ClCompile Include="Rave_Medio.cpp">
      <Filter>MediaPlayer</Filter>
    </ClCompile>
    <ClCompile Include="Rave_MediaPlayer.cpp">
      <Filter>MediaPlayer</Filter>
    </ClCompile>
    <ClCompile Include="RaveVLC %28DEPRECATED%29.cpp">
      <Filter>MediaPlayer\VLC</Filter>
    </ClCompile>
    <ClCompile Include="ToolTipInfo.cpp">
      <Filter>Ventanas y Controles\Ventanas</Filter>
    </ClCompile>
    <ClCompile Include="VentanaAsociarReproductor %28DEPRECATED%29.cpp">
      <Filter>Ventanas y Controles\Ventanas</Filter>
    </ClCompile>
    <ClCompile Include="VentanaErrorCritico.cpp">
      <Filter>Ventanas y Controles\Ventanas</Filter>
    </ClCompile>
    <ClCompile Include="VentanaMomento.cpp">
      <Filter>Ventanas y Controles\Ventanas</Filter>
    </ClCompile>
    <ClCompile Include="VentanaPrecarga.cpp">
      <Filter>Ventanas y Controles\Ventanas</Filter>
    </ClCompile>
    <ClCompile Include="VentanaPrincipal.cpp">
      <Filter>Ventanas y Controles\Ventanas</Filter>
    </ClCompile>
    <ClCompile Include="BDMedio.cpp">
      <Filter>Base de datos</Filter>
    </ClCompile>
    <ClCompile Include="Actualizaciones.cpp">
      <Filter>xXx _MAIN_ xXx\Actualizaciones</Filter>
    </ClCompile>
    <ClCompile Include="RaveOpciones.cpp">
      <Filter>Base de datos</Filter>
    </ClCompile>
    <ClCompile Include="RaveSQLite.cpp">
      <Filter>Base de datos</Filter>
    </ClCompile>
    <ClCompile Include="VentanaDescargarActualizacion.cpp">
      <Filter>Ventanas y Controles\Ventanas</Filter>
    </ClCompile>
    <ClCompile Include="VentanaInstalarActualizacion.cpp">
      <Filter>Ventanas y Controles\Ventanas</Filter>
    </ClCompile>
    <ClCompile Include="VentanaObtenerURL.cpp">
      <Filter>Ventanas y Controles\Ventanas</Filter>
    </ClCompile>
    <ClCompile Include="VentanaOpcionesRAVE2.cpp">
      <Filter>Ventanas y Controles\Ventanas\Opciones</Filter>
    </ClCompile>
    <ClCompile Include="Marco_BaseDatos.cpp">
      <Filter>Ventanas y Controles\Ventanas\Opciones</Filter>
    </ClCompile>
    <ClCompile Include="Marco_Teclado.cpp">
      <Filter>Ventanas y Controles\Ventanas\Opciones</Filter>
    </ClCompile>
    <ClCompile Include="Marco_Listas.cpp">
      <Filter>Ventanas y Controles\Ventanas\Opciones</Filter>
    </ClCompile>
    <ClCompile Include="Marco_Video.cpp">
      <Filter>Ventanas y Controles\Ventanas\Opciones</Filter>
    </ClCompile>
    <ClCompile Include="Marco_UI.cpp">
      <Filter>Ventanas y Controles\Ventanas\Opciones</Filter>
    </ClCompile>
    <ClCompile Include="Marco_Inicio.cpp">
      <Filter>Ventanas y Controles\Ventanas\Opciones</Filter>
    </ClCompile>
    <ClCompile Include="VentanaOpcionesRAVE %28DEPRECATED%29.cpp">
      <Filter>Ventanas y Controles\Ventanas</Filter>
    </ClCompile>
    <ClCompile Include="Marco_Audio.cpp">
      <Filter>Ventanas y Controles\Ventanas\Opciones</Filter>
    </ClCompile>
  </ItemGroup>
  <ItemGroup>
    <ResourceCompile Include="Reproductor de Audio y Video Extendido.rc">
      <Filter>Archivos de recursos</Filter>
    </ResourceCompile>
  </ItemGroup>
  <ItemGroup>
    <Image Include="small.ico">
      <Filter>Archivos de recursos</Filter>
    </Image>
    <Image Include="Reproductor de Audio y Video Extendido.ico">
      <Filter>Archivos de recursos</Filter>
    </Image>
    <Image Include="..\Iconos\IDI_Cancion.ico">
      <Filter>Archivos de recursos</Filter>
    </Image>
    <Image Include="..\Iconos\IDI_CDAudio.ico">
      <Filter>Archivos de recursos</Filter>
    </Image>
    <Image Include="..\Iconos\IDI_Directorio.ico">
      <Filter>Archivos de recursos</Filter>
    </Image>
    <Image Include="..\Iconos\IDI_Disco.ico">
      <Filter>Archivos de recursos</Filter>
    </Image>
    <Image Include="..\Iconos\IDI_Genero.ico">
      <Filter>Archivos de recursos</Filter>
    </Image>
    <Image Include="..\Iconos\IDI_Grupo.ico">
      <Filter>Archivos de recursos</Filter>
    </Image>
    <Image Include="..\Iconos\IDI_Raiz.ico">
      <Filter>Archivos de recursos</Filter>
    </Image>
    <Image Include="..\Iconos\IDI_Subtitulos.ico">
      <Filter>Archivos de recursos</Filter>
    </Image>
    <Image Include="..\Iconos\IDI_Pausa.ico">
      <Filter>Archivos de recursos</Filter>
    </Image>
    <Image Include="..\Iconos\IDI_Play.ico">
      <Filter>Archivos de recursos</Filter>
    </Image>
    <Image Include="..\Iconos\IDI_Cancion2.ico">
      <Filter>Archivos de recursos</Filter>
    </Image>
    <Image Include="..\Iconos\IDI_Play2.ico">
      <Filter>Archivos de recursos</Filter>
    </Image>
    <Image Include="..\iconos\icon2.ico">
      <Filter>Archivos de recursos</Filter>
    </Image>
    <Image Include="..\Iconos\IDI_Pausa2.ico">
      <Filter>Archivos de recursos</Filter>
    </Image>
    <Image Include="..\Iconos\IDI_Pausa3.ico">
      <Filter>Archivos de recursos</Filter>
    </Image>
    <Image Include="..\Iconos\IDI_Play3.ico">
      <Filter>Archivos de recursos</Filter>
    </Image>
    <Image Include="..\Iconos\IDI_Video2.ico">
      <Filter>Archivos de recursos</Filter>
    </Image>
    <Image Include="..\Iconos\IDI_Borrar.ico">
      <Filter>Archivos de recursos</Filter>
    </Image>
    <Image Include="..\Iconos\IDI_BorrarResaltado.ico">
      <Filter>Archivos de recursos</Filter>
    </Image>
    <Image Include="..\iconos\icon3.ico">
      <Filter>Archivos de recursos</Filter>
    </Image>
    <Image Include="..\Iconos\IDI_Check.ico">
      <Filter>Archivos de recursos</Filter>
    </Image>
    <Image Include="..\Iconos\IDI_Check2.ico">
      <Filter>Archivos de recursos</Filter>
    </Image>
    <Image Include="..\Iconos\IDI_PAUSA32.ico">
      <Filter>Archivos de recursos</Filter>
    </Image>
    <Image Include="..\Iconos\IDI_PREV32.ico">
      <Filter>Archivos de recursos</Filter>
    </Image>
    <Image Include="..\Iconos\IDI_STOP32.ico">
      <Filter>Archivos de recursos</Filter>
    </Image>
    <Image Include="..\Iconos\IDI_NEXT32.ico">
      <Filter>Archivos de recursos</Filter>
    </Image>
    <Image Include="..\Iconos\IDI_PLAY32.ico">
      <Filter>Archivos de recursos</Filter>
    </Image>
    <Image Include="..\Iconos\IDI_VLC.ico">
      <Filter>Archivos de recursos</Filter>
    </Image>
    <Image Include="..\Iconos\IDI_Video3.ico">
      <Filter>Archivos de recursos</Filter>
    </Image>
    <Image Include="..\Iconos\IDI_Actualizar.ico">
      <Filter>Archivos de recursos</Filter>
    </Image>
    <Image Include="..\Iconos\IDI_AgregarLista.ico">
      <Filter>Archivos de recursos</Filter>
    </Image>
    <Image Include="..\Iconos\IDI_AgregarNuevaLista.ico">
      <Filter>Archivos de recursos</Filter>
    </Image>
    <Image Include="..\Iconos\IDI_PistaAudio.ico">
      <Filter>Archivos de recursos</Filter>
    </Image>
    <Image Include="..\Iconos\IDI_Nota.ico">
      <Filter>Archivos de recursos</Filter>
    </Image>
    <Image Include="..\Iconos\IDI_ListaAleatoria.ico">
      <Filter>Archivos de recursos</Filter>
    </Image>
    <Image Include="..\Iconos\IDI_BASEDATOS.ico">
      <Filter>Archivos de recursos</Filter>
    </Image>
    <Image Include="..\Iconos\IDI_Eliminar.ico">
      <Filter>Archivos de recursos</Filter>
    </Image>
    <Image Include="..\Iconos\IDI_Proporcion.ico">
      <Filter>Archivos de recursos</Filter>
    </Image>
    <Image Include="..\iconos\icon5.ico">
      <Filter>Archivos de recursos</Filter>
    </Image>
    <Image Include="..\Iconos\IDI_Analizar.ico">
      <Filter>Archivos de recursos</Filter>
    </Image>
    <Image Include="..\Iconos\IDI_Filtros.ico">
      <Filter>Archivos de recursos</Filter>
    </Image>
    <Image Include="..\Iconos\IDI_NoCheck.ico">
      <Filter>Archivos de recursos</Filter>
    </Image>
    <Image Include="..\Iconos\IDI_Tam.ico">
      <Filter>Archivos de recursos</Filter>
    </Image>
    <Image Include="..\Iconos\IDI_Terminado.ico">
      <Filter>Archivos de recursos</Filter>
    </Image>
    <Image Include="..\Iconos\IDI_Tiempo.ico">
      <Filter>Archivos de recursos</Filter>
    </Image>
    <Image Include="..\Iconos\IDI_Video.ico">
      <Filter>Archivos de recursos</Filter>
    </Image>
    <Image Include="..\Iconos\IDI_Agregar.ico">
      <Filter>Archivos de recursos</Filter>
    </Image>
    <Image Include="..\Iconos\IDI_Momento.ico">
      <Filter>Archivos de recursos</Filter>
    </Image>
    <Image Include="..\Iconos\IDI_Momento_Excluir.ico">
      <Filter>Archivos de recursos</Filter>
    </Image>
    <Image Include="..\Iconos\IDI_Momento_Excluir2.ico">
      <Filter>Archivos de recursos</Filter>
    </Image>
    <Image Include="..\Iconos\IDI_Momentos.ico">
      <Filter>Archivos de recursos</Filter>
    </Image>
    <Image Include="..\Iconos\IDI_devildrey33.ico">
      <Filter>Archivos de recursos</Filter>
    </Image>
    <Image Include="..\Iconos\IDI_IpTv.ico">
      <Filter>Archivos de recursos</Filter>
    </Image>
    <Image Include="..\Iconos\IDI_Url.ico">
      <Filter>Archivos de recursos</Filter>
    </Image>
    <Image Include="..\Iconos\IDI_Interrogante.ico">
      <Filter>Archivos de recursos</Filter>
    </Image>
    <Image Include="..\Iconos\IDI_TDT.ico">
      <Filter>Archivos de recursos</Filter>
    </Image>
    <Image Include="..\Iconos\IDI_Teclado.ico">
      <Filter>Archivos de recursos</Filter>
    </Image>
  </ItemGroup>
  <ItemGroup>
    <None Include="..\README.md">
      <Filter>xXx _MAIN_ xXx</Filter>
    </None>
  </ItemGroup>
  <ItemGroup>
    <Text Include="..\ChangeLog.html">
      <Filter>xXx _MAIN_ xXx</Filter>
    </Text>
    <Text Include="..\ULTIMA_VERSION.txt">
      <Filter>xXx _MAIN_ xXx</Filter>
    </Text>
  </ItemGroup>
</Project>